[[package]]
name = "boto3"
version = "1.18.37"
description = "The AWS SDK for Python"
category = "main"
optional = false
python-versions = ">= 3.6"

[package.dependencies]
botocore = ">=1.21.37,<1.22.0"
jmespath = ">=0.7.1,<1.0.0"
s3transfer = ">=0.5.0,<0.6.0"

[package.extras]
crt = ["botocore[crt] (>=1.21.0,<2.0a0)"]

[[package]]
name = "botocore"
version = "1.21.37"
description = "Low-level, data-driven core of boto 3."
category = "main"
optional = false
python-versions = ">= 3.6"

[package.dependencies]
jmespath = ">=0.7.1,<1.0.0"
python-dateutil = ">=2.1,<3.0.0"
urllib3 = ">=1.25.4,<1.27"

[package.extras]
crt = ["awscrt (==0.11.24)"]

[[package]]
name = "certifi"
version = "2021.5.30"
description = "Python package for providing Mozilla's CA Bundle."
category = "main"
optional = false
python-versions = "*"

[[package]]
name = "chardet"
version = "4.0.0"
description = "Universal encoding detector for Python 2 and 3"
category = "main"
optional = false
python-versions = ">=2.7, !=3.0.*, !=3.1.*, !=3.2.*, !=3.3.*, !=3.4.*"

[[package]]
name = "click"
version = "8.0.1"
description = "Composable command line interface toolkit"
category = "dev"
optional = false
python-versions = ">=3.6"

[package.dependencies]
colorama = {version = "*", markers = "platform_system == \"Windows\""}

[[package]]
name = "colorama"
version = "0.4.4"
description = "Cross-platform colored terminal text."
category = "dev"
optional = false
python-versions = ">=2.7, !=3.0.*, !=3.1.*, !=3.2.*, !=3.3.*, !=3.4.*"

[[package]]
name = "commonmark"
version = "0.9.1"
description = "Python parser for the CommonMark Markdown spec"
category = "dev"
optional = false
python-versions = "*"

[package.extras]
test = ["flake8 (==3.7.8)", "hypothesis (==3.55.3)"]

[[package]]
name = "dnslib"
version = "0.9.16"
description = "Simple library to encode/decode DNS wire-format packets"
category = "dev"
optional = false
python-versions = "*"

[[package]]
name = "dnspython"
version = "1.16.0"
description = "DNS toolkit"
category = "dev"
optional = false
python-versions = ">=2.7, !=3.0.*, !=3.1.*, !=3.2.*, !=3.3.*"

[package.extras]
DNSSEC = ["pycryptodome", "ecdsa (>=0.13)"]
IDNA = ["idna (>=2.1)"]

[[package]]
name = "docker"
version = "5.0.0"
description = "A Python library for the Docker Engine API."
category = "dev"
optional = false
python-versions = ">=3.6"

[package.dependencies]
pywin32 = {version = "227", markers = "sys_platform == \"win32\""}
requests = ">=2.14.2,<2.18.0 || >2.18.0"
websocket-client = ">=0.32.0"

[package.extras]
ssh = ["paramiko (>=2.4.2)"]
tls = ["pyOpenSSL (>=17.5.0)", "cryptography (>=3.4.7)", "idna (>=2.0.0)"]

[[package]]
name = "docopt"
version = "0.6.2"
description = "Pythonic argument parser, that will make you smile"
category = "dev"
optional = false
python-versions = "*"

[[package]]
name = "dotenv"
version = "0.0.5"
description = "Handle .env files"
category = "dev"
optional = false
python-versions = "*"

[[package]]
name = "dulwich"
version = "0.20.25"
description = "Python Git Library"
category = "dev"
optional = false
python-versions = ">=3.5"

[package.dependencies]
certifi = "*"
urllib3 = ">=1.24.1"

[package.extras]
fastimport = ["fastimport"]
https = ["urllib3[secure] (>=1.24.1)"]
pgp = ["gpg"]
watch = ["pyinotify"]

[[package]]
name = "idna"
version = "2.10"
description = "Internationalized Domain Names in Applications (IDNA)"
category = "main"
optional = false
python-versions = ">=2.7, !=3.0.*, !=3.1.*, !=3.2.*, !=3.3.*"

[[package]]
name = "jmespath"
version = "0.10.0"
description = "JSON Matching Expressions"
category = "main"
optional = false
python-versions = ">=2.6, !=3.0.*, !=3.1.*, !=3.2.*"

[[package]]
name = "localstack"
version = "0.12.17.5"
description = "LocalStack - A fully functional local Cloud stack"
category = "dev"
optional = false
python-versions = "*"

[package.dependencies]
boto3 = ">=1.14.33"
click = ">=7.0"
dnspython = "1.16.0"
docker = "5.0.0"
docopt = ">=0.6.2"
localstack-client = ">=1.24"
localstack-ext = ">=0.12.16"
pyyaml = ">=5.1"
requests = ">=2.20.0,<2.26"
rich = ">=10.7.0"
six = ">=1.12.0"
stevedore = ">=3.4.0"

[package.extras]
full = ["Quart (>=0.6.15)", "airspeed (>=0.5.14)", "amazon_kclpy-ext (==1.5.1)", "aws-sam-translator (>=1.15.1)", "awscli (>=1.14.18)", "boto (>=2.49.0)", "botocore (>=1.12.13)", "cachetools (>=3.1.1,<4.0.0)", "cbor2 (>=5.2.0)", "coverage[toml] (>=5.5)", "coveralls (==3.1.0)", "crontab (>=0.22.6)", "cryptography (<3.4)", "elasticsearch (>=7.0.0,<8.0.0)", "flask-cors (>=3.0.3,<3.1.0)", "flask (>=1.0.2)", "flask_swagger (==0.2.12)", "forbiddenfruit (==0.1.3)", "jsondiff (>=1.2.0)", "jsonpatch (>=1.24,<2.0)", "jsonpath-rw (>=1.4.0,<2.0.0)", "localstack-ext[full] (>=0.12.16)", "moto-ext[all] (>=2.0.3.23)", "psutil (>=5.4.8,<6.0.0)", "pympler (>=0.6)", "pyopenssl (==17.5.0)", "pytest-httpserver (>=1.0.1)", "pytest-rerunfailures (==10.0)", "pytest (==6.2.4)", "readerwriterlock (>=1.0.7)", "requests-aws4auth (==0.9)", "sasl (>=0.2.1)", "xmltodict (>=0.11.0)"]

[[package]]
name = "localstack-client"
version = "1.24"
description = "A lightweight Python client for LocalStack."
category = "dev"
optional = false
python-versions = "*"

[package.dependencies]
boto3 = "*"

[[package]]
name = "localstack-ext"
version = "0.12.16.14"
description = "Extensions for LocalStack"
category = "dev"
optional = false
python-versions = "*"

[package.dependencies]
dnslib = ">=0.9.10"
dnspython = ">=1.16.0"
dulwich = ">=0.19.16"
localstack = ">=0.12.17.3"
pyaes = ">=1.6.0"
requests = ">=2.20.0,<2.26"
tabulate = "*"

[package.extras]
full = ["PyJWT (>=1.7.0)", "Whoosh (>=2.7.4)", "amazon.ion (<0.6)", "dill (==0.3.2)", "dirtyjson (==1.0.7)", "docker-registry-client (>=0.5.2)", "docker (==5.0.0)", "ecdsa (<0.14)", "graphql-core (>=3.0.3)", "janus (>=0.5.0)", "kubernetes (>=10.0.1)", "localstack[full] (>=0.12.17.3)", "paho-mqtt (>=1.5)", "pg8000 (>=1.10)", "postgres (>=2.2.2)", "postgresql-proxy (>=0.0.1)", "presto-python-client (>=0.7.0)", "pyftpdlib (>=1.5.6)", "pyhive[hive] (>=0.6.1)", "pyion2json (>=0.0.2)", "pyqldb (<3)", "pysiddhi-ext (>=5.1.0)", "readerwriterlock (>=1.0.7)", "rsa (>=4.0)", "srp-ext (==1.0.7.1)", "testing.common.database (>=1.1.0)", "warrant-ext (>=0.2.0.5)", "websockets (>=8.1)"]
package = ["pyminifier @ git+https://github.com/liftoff/pyminifier.git@master"]
runtime = ["PyJWT (>=1.7.0)", "Whoosh (>=2.7.4)", "amazon.ion (<0.6)", "dill (==0.3.2)", "dirtyjson (==1.0.7)", "docker-registry-client (>=0.5.2)", "docker (==5.0.0)", "ecdsa (<0.14)", "graphql-core (>=3.0.3)", "janus (>=0.5.0)", "kubernetes (>=10.0.1)", "localstack[full] (>=0.12.17.3)", "paho-mqtt (>=1.5)", "pg8000 (>=1.10)", "postgres (>=2.2.2)", "postgresql-proxy (>=0.0.1)", "presto-python-client (>=0.7.0)", "pyftpdlib (>=1.5.6)", "pyhive[hive] (>=0.6.1)", "pyion2json (>=0.0.2)", "pyqldb (<3)", "pysiddhi-ext (>=5.1.0)", "readerwriterlock (>=1.0.7)", "rsa (>=4.0)", "srp-ext (==1.0.7.1)", "testing.common.database (>=1.1.0)", "warrant-ext (>=0.2.0.5)", "websockets (>=8.1)"]
test = ["aiohttp", "appdirs", "aws_xray_sdk (>=2.4.2)", "azure-common (>=1.1.26)", "azure-core (>=1.9.0)", "azure-devops (>=6.0.0b4)", "azure-functions (>=1.5.0)", "azure-identity (>=1.5.0)", "azure-mgmt-core (>=1.2.2)", "azure-mgmt-storage (>=16.0.0)", "azure-mgmt-web (>=1.0.0)", "azure-servicebus (>=7.0.1)", "azure-storage-blob (>=12.3.0)", "azure-storage-queue (>=12.1.1)", "black (==21.6b0)", "coverage (>=4.0.3)", "flake8-black (==0.2.3)", "flake8-isort (>=4.0.0)", "flake8-quotes (>=0.11.0)", "flake8 (==3.9.2)", "gremlinpython", "isort (==5.9.1)", "jws (>=0.1.3)", "msal", "msal-extensions", "msrest", "nest-asyncio (>=1.4.1)", "portalocker", "pre-commit (==2.13.0)", "pykafka", "pymongo", "pytest-dependency (==0.5.1)", "pytest (==6.2.4)", "redis (==3.3.7)"]

[[package]]
name = "pbr"
version = "5.6.0"
description = "Python Build Reasonableness"
category = "dev"
optional = false
python-versions = ">=2.6"

[[package]]
name = "pyaes"
version = "1.6.1"
description = "Pure-Python Implementation of the AES block-cipher and common modes of operation"
category = "dev"
optional = false
python-versions = "*"

[[package]]
name = "pygments"
version = "2.10.0"
description = "Pygments is a syntax highlighting package written in Python."
category = "dev"
optional = false
python-versions = ">=3.5"

[[package]]
name = "pyjwt"
version = "1.7.1"
description = "JSON Web Token implementation in Python"
category = "main"
optional = false
python-versions = "*"

[package.extras]
crypto = ["cryptography (>=1.4)"]
flake8 = ["flake8", "flake8-import-order", "pep8-naming"]
test = ["pytest (>=4.0.1,<5.0.0)", "pytest-cov (>=2.6.0,<3.0.0)", "pytest-runner (>=4.2,<5.0.0)"]

[[package]]
name = "python-dateutil"
version = "2.8.2"
description = "Extensions to the standard Python datetime module"
category = "main"
optional = false
python-versions = "!=3.0.*,!=3.1.*,!=3.2.*,>=2.7"

[package.dependencies]
six = ">=1.5"

[[package]]
name = "pytz"
version = "2021.1"
description = "World timezone definitions, modern and historical"
category = "main"
optional = false
python-versions = "*"

[[package]]
name = "pywin32"
version = "227"
description = "Python for Window Extensions"
category = "dev"
optional = false
python-versions = "*"

[[package]]
name = "pyyaml"
version = "5.4.1"
description = "YAML parser and emitter for Python"
category = "dev"
optional = false
python-versions = ">=2.7, !=3.0.*, !=3.1.*, !=3.2.*, !=3.3.*, !=3.4.*, !=3.5.*"

[[package]]
name = "requests"
version = "2.25.1"
description = "Python HTTP for Humans."
category = "main"
optional = false
python-versions = ">=2.7, !=3.0.*, !=3.1.*, !=3.2.*, !=3.3.*, !=3.4.*"

[package.dependencies]
certifi = ">=2017.4.17"
chardet = ">=3.0.2,<5"
idna = ">=2.5,<3"
urllib3 = ">=1.21.1,<1.27"

[package.extras]
security = ["pyOpenSSL (>=0.14)", "cryptography (>=1.3.4)"]
socks = ["PySocks (>=1.5.6,!=1.5.7)", "win-inet-pton"]

[[package]]
name = "rich"
version = "10.9.0"
description = "Render rich text, tables, progress bars, syntax highlighting, markdown and more to the terminal"
category = "dev"
optional = false
python-versions = ">=3.6,<4.0"

[package.dependencies]
colorama = ">=0.4.0,<0.5.0"
commonmark = ">=0.9.0,<0.10.0"
pygments = ">=2.6.0,<3.0.0"

[package.extras]
jupyter = ["ipywidgets (>=7.5.1,<8.0.0)"]

[[package]]
name = "s3transfer"
version = "0.5.0"
description = "An Amazon S3 Transfer Manager"
category = "main"
optional = false
python-versions = ">= 3.6"

[package.dependencies]
botocore = ">=1.12.36,<2.0a.0"

[package.extras]
crt = ["botocore[crt] (>=1.20.29,<2.0a.0)"]

[[package]]
name = "six"
version = "1.16.0"
description = "Python 2 and 3 compatibility utilities"
category = "main"
optional = false
python-versions = ">=2.7, !=3.0.*, !=3.1.*, !=3.2.*"

[[package]]
name = "stevedore"
version = "3.4.0"
description = "Manage dynamic plugins for Python applications"
category = "dev"
optional = false
python-versions = ">=3.6"

[package.dependencies]
pbr = ">=2.0.0,<2.1.0 || >2.1.0"

[[package]]
name = "tabulate"
version = "0.8.9"
description = "Pretty-print tabular data"
category = "dev"
optional = false
python-versions = "*"

[package.extras]
widechars = ["wcwidth"]

[[package]]
name = "twilio"
version = "6.63.2"
description = "Twilio API client and TwiML generator"
category = "main"
optional = false
python-versions = "*"

[package.dependencies]
PyJWT = "1.7.1"
pytz = "*"
requests = {version = ">=2.0.0", markers = "python_version >= \"3.0\""}
six = "*"

[[package]]
name = "urllib3"
version = "1.26.6"
description = "HTTP library with thread-safe connection pooling, file post, and more."
category = "main"
optional = false
python-versions = ">=2.7, !=3.0.*, !=3.1.*, !=3.2.*, !=3.3.*, !=3.4.*, <4"

[package.extras]
brotli = ["brotlipy (>=0.6.0)"]
secure = ["pyOpenSSL (>=0.14)", "cryptography (>=1.3.4)", "idna (>=2.0.0)", "certifi", "ipaddress"]
socks = ["PySocks (>=1.5.6,!=1.5.7,<2.0)"]

[[package]]
name = "websocket-client"
version = "1.2.1"
description = "WebSocket client for Python with low level API options"
category = "dev"
optional = false
python-versions = ">=3.6"

[package.extras]
optional = ["python-socks", "wsaccel"]
test = ["websockets"]

[metadata]
lock-version = "1.1"
python-versions = "^3.8"
content-hash = "18d1513057ca5c1cf43e3ab15942b683b4defb4ffe9491d43f1842063c22a201"

[metadata.files]
boto3 = [
    {file = "boto3-1.18.37-py3-none-any.whl", hash = "sha256:7a5184027b26d4588218bc5eb18f77e3660cabd87225834531496b643f4ed755"},
    {file = "boto3-1.18.37.tar.gz", hash = "sha256:f229cec4450086a16d263b1645cf24920565ca32a841c483dbadc16c2fe6fb5b"},
]
botocore = [
    {file = "botocore-1.21.37-py3-none-any.whl", hash = "sha256:d2367fdab4c2bb86a5a9ccd24484dc1d585c9bf5c6052a525ad4f790688b4852"},
    {file = "botocore-1.21.37.tar.gz", hash = "sha256:a3f23f72c828bfbeb8524600575d2785d4c227c73bcbeb3b47211fa3a88fd415"},
]
certifi = [
    {file = "certifi-2021.5.30-py2.py3-none-any.whl", hash = "sha256:50b1e4f8446b06f41be7dd6338db18e0990601dce795c2b1686458aa7e8fa7d8"},
    {file = "certifi-2021.5.30.tar.gz", hash = "sha256:2bbf76fd432960138b3ef6dda3dde0544f27cbf8546c458e60baf371917ba9ee"},
]
chardet = [
    {file = "chardet-4.0.0-py2.py3-none-any.whl", hash = "sha256:f864054d66fd9118f2e67044ac8981a54775ec5b67aed0441892edb553d21da5"},
    {file = "chardet-4.0.0.tar.gz", hash = "sha256:0d6f53a15db4120f2b08c94f11e7d93d2c911ee118b6b30a04ec3ee8310179fa"},
]
click = [
    {file = "click-8.0.1-py3-none-any.whl", hash = "sha256:fba402a4a47334742d782209a7c79bc448911afe1149d07bdabdf480b3e2f4b6"},
    {file = "click-8.0.1.tar.gz", hash = "sha256:8c04c11192119b1ef78ea049e0a6f0463e4c48ef00a30160c704337586f3ad7a"},
]
colorama = [
    {file = "colorama-0.4.4-py2.py3-none-any.whl", hash = "sha256:9f47eda37229f68eee03b24b9748937c7dc3868f906e8ba69fbcbdd3bc5dc3e2"},
    {file = "colorama-0.4.4.tar.gz", hash = "sha256:5941b2b48a20143d2267e95b1c2a7603ce057ee39fd88e7329b0c292aa16869b"},
]
commonmark = [
    {file = "commonmark-0.9.1-py2.py3-none-any.whl", hash = "sha256:da2f38c92590f83de410ba1a3cbceafbc74fee9def35f9251ba9a971d6d66fd9"},
    {file = "commonmark-0.9.1.tar.gz", hash = "sha256:452f9dc859be7f06631ddcb328b6919c67984aca654e5fefb3914d54691aed60"},
]
dnslib = [
    {file = "dnslib-0.9.16-py3-none-any.whl", hash = "sha256:87dd634ce2349ced88fa5e50848d34b57569f99b4a542f72b9314d1e72fabf95"},
    {file = "dnslib-0.9.16.tar.gz", hash = "sha256:2d66b43d563d60c469117c8cb615843e7d05bf8fb2e6cb00a637281d26b7ec7d"},
]
dnspython = [
    {file = "dnspython-1.16.0-py2.py3-none-any.whl", hash = "sha256:f69c21288a962f4da86e56c4905b49d11aba7938d3d740e80d9e366ee4f1632d"},
    {file = "dnspython-1.16.0.zip", hash = "sha256:36c5e8e38d4369a08b6780b7f27d790a292b2b08eea01607865bf0936c558e01"},
]
docker = [
    {file = "docker-5.0.0-py2.py3-none-any.whl", hash = "sha256:fc961d622160e8021c10d1bcabc388c57d55fb1f917175afbe24af442e6879bd"},
    {file = "docker-5.0.0.tar.gz", hash = "sha256:3e8bc47534e0ca9331d72c32f2881bb13b93ded0bcdeab3c833fb7cf61c0a9a5"},
]
docopt = [
    {file = "docopt-0.6.2.tar.gz", hash = "sha256:49b3a825280bd66b3aa83585ef59c4a8c82f2c8a522dbe754a8bc8d08c85c491"},
]
dotenv = [
    {file = "dotenv-0.0.5.tar.gz", hash = "sha256:b58d2ab3f83dbd4f8a362b21158a606bee87317a9444485566b3c8f0af847091"},
]
dulwich = [
    {file = "dulwich-0.20.25-cp36-cp36m-macosx_10_14_x86_64.whl", hash = "sha256:da7655385e090b805c262df42f8b75a115345343951ca2497476df0a6287c20e"},
    {file = "dulwich-0.20.25-cp36-cp36m-manylinux_2_17_aarch64.manylinux2014_aarch64.whl", hash = "sha256:6fad76fca381ceb914d156eb25c0cc77132cff1156d035271203c521134472b6"},
    {file = "dulwich-0.20.25-cp36-cp36m-manylinux_2_5_x86_64.manylinux1_x86_64.manylinux_2_12_x86_64.manylinux2010_x86_64.whl", hash = "sha256:d4dbdabf71db1028f64e868081746869c17d8dbb6a16abb89b707e7a5590b121"},
    {file = "dulwich-0.20.25-cp36-cp36m-win_amd64.whl", hash = "sha256:12edad6ef398815fff9e51223be5838cd66bcdb164a442f652494ae9bb54720c"},
    {file = "dulwich-0.20.25-cp37-cp37m-macosx_10_14_x86_64.whl", hash = "sha256:0d09bc588bfdeca14b3e41d5d75aa4f9ea6b0b298b283bc29c3aa1b2c7788653"},
    {file = "dulwich-0.20.25-cp37-cp37m-manylinux_2_17_aarch64.manylinux2014_aarch64.whl", hash = "sha256:f676d89db4777e854b28ea87b9bb1b0b156f6a743564c0daeb88502adaec7313"},
    {file = "dulwich-0.20.25-cp37-cp37m-manylinux_2_5_x86_64.manylinux1_x86_64.manylinux_2_12_x86_64.manylinux2010_x86_64.whl", hash = "sha256:eb2cbc0bd62e21011161bde7f4bad7a606d7fbafe4b2e06f09d0cb8fac2e2fd2"},
    {file = "dulwich-0.20.25-cp37-cp37m-win_amd64.whl", hash = "sha256:3be5fc65f84787bd9039aabf2b8b7ad1a02311a16cd0e851504784b62ba91d61"},
    {file = "dulwich-0.20.25-cp38-cp38-macosx_10_14_x86_64.whl", hash = "sha256:6dcd552e8b6899da4cb87e3a0d71673fde03d2d8cf80d2d8946e4ccca15b307c"},
    {file = "dulwich-0.20.25-cp38-cp38-manylinux_2_17_aarch64.manylinux2014_aarch64.whl", hash = "sha256:75816b242340c413814d22a8011d0596279ea8f4758bf2f91efd45388915f5d8"},
    {file = "dulwich-0.20.25-cp38-cp38-manylinux_2_5_x86_64.manylinux1_x86_64.manylinux_2_12_x86_64.manylinux2010_x86_64.whl", hash = "sha256:6d060f996fba4f7aa94e1fedc53e76e8e9ef5b8f7ec026d804a68d63b8df2867"},
    {file = "dulwich-0.20.25-cp38-cp38-win_amd64.whl", hash = "sha256:9b432869199972f0159e7d8cee02fde088c576ff294a01f5253a4ae7cb8f57c4"},
    {file = "dulwich-0.20.25-cp39-cp39-macosx_10_14_x86_64.whl", hash = "sha256:fabad0116db6f14568fef36962382c2ed698b8d305d2baaec9501a76eb836edd"},
    {file = "dulwich-0.20.25-cp39-cp39-manylinux_2_17_aarch64.manylinux2014_aarch64.whl", hash = "sha256:7e9649b962b753205e0a9a0cf2537871cb89eb3751f6c24e4d5f0d349c96b394"},
    {file = "dulwich-0.20.25-cp39-cp39-manylinux_2_5_x86_64.manylinux1_x86_64.manylinux_2_12_x86_64.manylinux2010_x86_64.whl", hash = "sha256:962bb4ce269f8959c818bf58b92fac601ef6c3f63a07ac46a526c83ec5bfb635"},
    {file = "dulwich-0.20.25-cp39-cp39-win_amd64.whl", hash = "sha256:b10d8cf0e71395871c90ca29ef794ecf04665ba41550029842b53c03af1c6ac5"},
    {file = "dulwich-0.20.25.tar.gz", hash = "sha256:79baea81583eb61eb7bd4a819ab6096686b362c626a4640d84d4fc5539139353"},
]
idna = [
    {file = "idna-2.10-py2.py3-none-any.whl", hash = "sha256:b97d804b1e9b523befed77c48dacec60e6dcb0b5391d57af6a65a312a90648c0"},
    {file = "idna-2.10.tar.gz", hash = "sha256:b307872f855b18632ce0c21c5e45be78c0ea7ae4c15c828c20788b26921eb3f6"},
]
jmespath = [
    {file = "jmespath-0.10.0-py2.py3-none-any.whl", hash = "sha256:cdf6525904cc597730141d61b36f2e4b8ecc257c420fa2f4549bac2c2d0cb72f"},
    {file = "jmespath-0.10.0.tar.gz", hash = "sha256:b85d0567b8666149a93172712e68920734333c0ce7e89b78b3e987f71e5ed4f9"},
]
localstack = [
    {file = "localstack-0.12.17.5.tar.gz", hash = "sha256:1de566dc95983e51fbd549dee392cbd64e36d10ac195699b5006d219ac2aad9f"},
]
localstack-client = [
    {file = "localstack-client-1.24.tar.gz", hash = "sha256:d83f5946823738c0ba884cf3c6354e16b35ee14ef830c46b3b8bffc82cd18ab2"},
]
localstack-ext = [
    {file = "localstack-ext-0.12.16.14.tar.gz", hash = "sha256:62af65923f5ee843d2f984c32f3b35100f0b0fe406cc2c1981dfa03c63412b70"},
]
pbr = [
    {file = "pbr-5.6.0-py2.py3-none-any.whl", hash = "sha256:c68c661ac5cc81058ac94247278eeda6d2e6aecb3e227b0387c30d277e7ef8d4"},
    {file = "pbr-5.6.0.tar.gz", hash = "sha256:42df03e7797b796625b1029c0400279c7c34fd7df24a7d7818a1abb5b38710dd"},
]
pyaes = [
    {file = "pyaes-1.6.1.tar.gz", hash = "sha256:02c1b1405c38d3c370b085fb952dd8bea3fadcee6411ad99f312cc129c536d8f"},
]
pygments = [
    {file = "Pygments-2.10.0-py3-none-any.whl", hash = "sha256:b8e67fe6af78f492b3c4b3e2970c0624cbf08beb1e493b2c99b9fa1b67a20380"},
    {file = "Pygments-2.10.0.tar.gz", hash = "sha256:f398865f7eb6874156579fdf36bc840a03cab64d1cde9e93d68f46a425ec52c6"},
]
pyjwt = [
    {file = "PyJWT-1.7.1-py2.py3-none-any.whl", hash = "sha256:5c6eca3c2940464d106b99ba83b00c6add741c9becaec087fb7ccdefea71350e"},
    {file = "PyJWT-1.7.1.tar.gz", hash = "sha256:8d59a976fb773f3e6a39c85636357c4f0e242707394cadadd9814f5cbaa20e96"},
]
python-dateutil = [
    {file = "python-dateutil-2.8.2.tar.gz", hash = "sha256:0123cacc1627ae19ddf3c27a5de5bd67ee4586fbdd6440d9748f8abb483d3e86"},
    {file = "python_dateutil-2.8.2-py2.py3-none-any.whl", hash = "sha256:961d03dc3453ebbc59dbdea9e4e11c5651520a876d0f4db161e8674aae935da9"},
]
pytz = [
    {file = "pytz-2021.1-py2.py3-none-any.whl", hash = "sha256:eb10ce3e7736052ed3623d49975ce333bcd712c7bb19a58b9e2089d4057d0798"},
    {file = "pytz-2021.1.tar.gz", hash = "sha256:83a4a90894bf38e243cf052c8b58f381bfe9a7a483f6a9cab140bc7f702ac4da"},
]
pywin32 = [
    {file = "pywin32-227-cp27-cp27m-win32.whl", hash = "sha256:371fcc39416d736401f0274dd64c2302728c9e034808e37381b5e1b22be4a6b0"},
    {file = "pywin32-227-cp27-cp27m-win_amd64.whl", hash = "sha256:4cdad3e84191194ea6d0dd1b1b9bdda574ff563177d2adf2b4efec2a244fa116"},
    {file = "pywin32-227-cp35-cp35m-win32.whl", hash = "sha256:f4c5be1a293bae0076d93c88f37ee8da68136744588bc5e2be2f299a34ceb7aa"},
    {file = "pywin32-227-cp35-cp35m-win_amd64.whl", hash = "sha256:a929a4af626e530383a579431b70e512e736e9588106715215bf685a3ea508d4"},
    {file = "pywin32-227-cp36-cp36m-win32.whl", hash = "sha256:300a2db938e98c3e7e2093e4491439e62287d0d493fe07cce110db070b54c0be"},
    {file = "pywin32-227-cp36-cp36m-win_amd64.whl", hash = "sha256:9b31e009564fb95db160f154e2aa195ed66bcc4c058ed72850d047141b36f3a2"},
    {file = "pywin32-227-cp37-cp37m-win32.whl", hash = "sha256:47a3c7551376a865dd8d095a98deba954a98f326c6fe3c72d8726ca6e6b15507"},
    {file = "pywin32-227-cp37-cp37m-win_amd64.whl", hash = "sha256:31f88a89139cb2adc40f8f0e65ee56a8c585f629974f9e07622ba80199057511"},
    {file = "pywin32-227-cp38-cp38-win32.whl", hash = "sha256:7f18199fbf29ca99dff10e1f09451582ae9e372a892ff03a28528a24d55875bc"},
    {file = "pywin32-227-cp38-cp38-win_amd64.whl", hash = "sha256:7c1ae32c489dc012930787f06244426f8356e129184a02c25aef163917ce158e"},
    {file = "pywin32-227-cp39-cp39-win32.whl", hash = "sha256:c054c52ba46e7eb6b7d7dfae4dbd987a1bb48ee86debe3f245a2884ece46e295"},
    {file = "pywin32-227-cp39-cp39-win_amd64.whl", hash = "sha256:f27cec5e7f588c3d1051651830ecc00294f90728d19c3bf6916e6dba93ea357c"},
]
pyyaml = [
    {file = "PyYAML-5.4.1-cp27-cp27m-macosx_10_9_x86_64.whl", hash = "sha256:3b2b1824fe7112845700f815ff6a489360226a5609b96ec2190a45e62a9fc922"},
    {file = "PyYAML-5.4.1-cp27-cp27m-win32.whl", hash = "sha256:129def1b7c1bf22faffd67b8f3724645203b79d8f4cc81f674654d9902cb4393"},
    {file = "PyYAML-5.4.1-cp27-cp27m-win_amd64.whl", hash = "sha256:4465124ef1b18d9ace298060f4eccc64b0850899ac4ac53294547536533800c8"},
    {file = "PyYAML-5.4.1-cp27-cp27mu-manylinux1_x86_64.whl", hash = "sha256:bb4191dfc9306777bc594117aee052446b3fa88737cd13b7188d0e7aa8162185"},
    {file = "PyYAML-5.4.1-cp36-cp36m-macosx_10_9_x86_64.whl", hash = "sha256:6c78645d400265a062508ae399b60b8c167bf003db364ecb26dcab2bda048253"},
    {file = "PyYAML-5.4.1-cp36-cp36m-manylinux1_x86_64.whl", hash = "sha256:4e0583d24c881e14342eaf4ec5fbc97f934b999a6828693a99157fde912540cc"},
    {file = "PyYAML-5.4.1-cp36-cp36m-win32.whl", hash = "sha256:3bd0e463264cf257d1ffd2e40223b197271046d09dadf73a0fe82b9c1fc385a5"},
    {file = "PyYAML-5.4.1-cp36-cp36m-win_amd64.whl", hash = "sha256:e4fac90784481d221a8e4b1162afa7c47ed953be40d31ab4629ae917510051df"},
    {file = "PyYAML-5.4.1-cp37-cp37m-macosx_10_9_x86_64.whl", hash = "sha256:5accb17103e43963b80e6f837831f38d314a0495500067cb25afab2e8d7a4018"},
    {file = "PyYAML-5.4.1-cp37-cp37m-manylinux1_x86_64.whl", hash = "sha256:e1d4970ea66be07ae37a3c2e48b5ec63f7ba6804bdddfdbd3cfd954d25a82e63"},
    {file = "PyYAML-5.4.1-cp37-cp37m-win32.whl", hash = "sha256:dd5de0646207f053eb0d6c74ae45ba98c3395a571a2891858e87df7c9b9bd51b"},
    {file = "PyYAML-5.4.1-cp37-cp37m-win_amd64.whl", hash = "sha256:08682f6b72c722394747bddaf0aa62277e02557c0fd1c42cb853016a38f8dedf"},
    {file = "PyYAML-5.4.1-cp38-cp38-macosx_10_9_x86_64.whl", hash = "sha256:d2d9808ea7b4af864f35ea216be506ecec180628aced0704e34aca0b040ffe46"},
    {file = "PyYAML-5.4.1-cp38-cp38-manylinux1_x86_64.whl", hash = "sha256:8c1be557ee92a20f184922c7b6424e8ab6691788e6d86137c5d93c1a6ec1b8fb"},
    {file = "PyYAML-5.4.1-cp38-cp38-win32.whl", hash = "sha256:fa5ae20527d8e831e8230cbffd9f8fe952815b2b7dae6ffec25318803a7528fc"},
    {file = "PyYAML-5.4.1-cp38-cp38-win_amd64.whl", hash = "sha256:0f5f5786c0e09baddcd8b4b45f20a7b5d61a7e7e99846e3c799b05c7c53fa696"},
    {file = "PyYAML-5.4.1-cp39-cp39-macosx_10_9_x86_64.whl", hash = "sha256:294db365efa064d00b8d1ef65d8ea2c3426ac366c0c4368d930bf1c5fb497f77"},
    {file = "PyYAML-5.4.1-cp39-cp39-manylinux1_x86_64.whl", hash = "sha256:74c1485f7707cf707a7aef42ef6322b8f97921bd89be2ab6317fd782c2d53183"},
    {file = "PyYAML-5.4.1-cp39-cp39-win32.whl", hash = "sha256:49d4cdd9065b9b6e206d0595fee27a96b5dd22618e7520c33204a4a3239d5b10"},
    {file = "PyYAML-5.4.1-cp39-cp39-win_amd64.whl", hash = "sha256:c20cfa2d49991c8b4147af39859b167664f2ad4561704ee74c1de03318e898db"},
    {file = "PyYAML-5.4.1.tar.gz", hash = "sha256:607774cbba28732bfa802b54baa7484215f530991055bb562efbed5b2f20a45e"},
]
requests = [
    {file = "requests-2.25.1-py2.py3-none-any.whl", hash = "sha256:c210084e36a42ae6b9219e00e48287def368a26d03a048ddad7bfee44f75871e"},
    {file = "requests-2.25.1.tar.gz", hash = "sha256:27973dd4a904a4f13b263a19c866c13b92a39ed1c964655f025f3f8d3d75b804"},
]
rich = [
    {file = "rich-10.9.0-py3-none-any.whl", hash = "sha256:2c84d9b3459c16bf413fe0f9644c7ae1791971e0bb944dfae56e7c7634b187ab"},
    {file = "rich-10.9.0.tar.gz", hash = "sha256:ba285f1c519519490034284e6a9d2e6e3f16dc7690f2de3d9140737d81304d22"},
]
s3transfer = [
    {file = "s3transfer-0.5.0-py3-none-any.whl", hash = "sha256:9c1dc369814391a6bda20ebbf4b70a0f34630592c9aa520856bf384916af2803"},
    {file = "s3transfer-0.5.0.tar.gz", hash = "sha256:50ed823e1dc5868ad40c8dc92072f757aa0e653a192845c94a3b676f4a62da4c"},
]
six = [
    {file = "six-1.16.0-py2.py3-none-any.whl", hash = "sha256:8abb2f1d86890a2dfb989f9a77cfcfd3e47c2a354b01111771326f8aa26e0254"},
    {file = "six-1.16.0.tar.gz", hash = "sha256:1e61c37477a1626458e36f7b1d82aa5c9b094fa4802892072e49de9c60c4c926"},
]
stevedore = [
    {file = "stevedore-3.4.0-py3-none-any.whl", hash = "sha256:920ce6259f0b2498aaa4545989536a27e4e4607b8318802d7ddc3a533d3d069e"},
    {file = "stevedore-3.4.0.tar.gz", hash = "sha256:59b58edb7f57b11897f150475e7bc0c39c5381f0b8e3fa9f5c20ce6c89ec4aa1"},
]
tabulate = [
    {file = "tabulate-0.8.9-py3-none-any.whl", hash = "sha256:d7c013fe7abbc5e491394e10fa845f8f32fe54f8dc60c6622c6cf482d25d47e4"},
    {file = "tabulate-0.8.9.tar.gz", hash = "sha256:eb1d13f25760052e8931f2ef80aaf6045a6cceb47514db8beab24cded16f13a7"},
]
twilio = [
    {file = "twilio-6.63.2.tar.gz", hash = "sha256:cd1456b5deb82166d5f41d5e5eecd7938e656a626571332b9d9ae8062303fabd"},
]
urllib3 = [
    {file = "urllib3-1.26.6-py2.py3-none-any.whl", hash = "sha256:39fb8672126159acb139a7718dd10806104dec1e2f0f6c88aab05d17df10c8d4"},
    {file = "urllib3-1.26.6.tar.gz", hash = "sha256:f57b4c16c62fa2760b7e3d97c35b255512fb6b59a259730f36ba32ce9f8e342f"},
]
websocket-client = [
    {file = "websocket-client-1.2.1.tar.gz", hash = "sha256:8dfb715d8a992f5712fff8c843adae94e22b22a99b2c5e6b0ec4a1a981cc4e0d"},
    {file = "websocket_client-1.2.1-py2.py3-none-any.whl", hash = "sha256:0133d2f784858e59959ce82ddac316634229da55b498aac311f1620567a710ec"},
]
